
Microsoft Visual Studio Solution File, Format Version 12.00
# Visual Studio Version 17
VisualStudioVersion = 17.9.34723.18
MinimumVisualStudioVersion = 10.0.40219.1
Project("{FAE04EC0-301F-11D3-BF4B-00C04F79EFBC}") = "EmployeePortal.web", "EmployeePortal.web\EmployeePortal.web.csproj", "{C002A506-F7DB-4E30-8EE2-B3F3515B5515}"
EndProject
Global
	GlobalSection(SolutionConfigurationPlatforms) = preSolution
		Debug|Any CPU = Debug|Any CPU
		Release|Any CPU = Release|Any CPU
	EndGlobalSection
	GlobalSection(ProjectConfigurationPlatforms) = postSolution
		{C002A506-F7DB-4E30-8EE2-B3F3515B5515}.Debug|Any CPU.ActiveCfg = Debug|Any CPU
		{C002A506-F7DB-4E30-8EE2-B3F3515B5515}.Debug|Any CPU.Build.0 = Debug|Any CPU
		{C002A506-F7DB-4E30-8EE2-B3F3515B5515}.Release|Any CPU.ActiveCfg = Release|Any CPU
		{C002A506-F7DB-4E30-8EE2-B3F3515B5515}.Release|Any CPU.Build.0 = Release|Any CPU
	EndGlobalSection
	GlobalSection(SolutionProperties) = preSolution
		HideSolutionNode = FALSE
	EndGlobalSection
	GlobalSection(ExtensibilityGlobals) = postSolution
		SolutionGuid = {5356F46B-4D74-472B-9D06-E5B94E6F0AA1}
	EndGlobalSection
EndGlobal
